{
  "version": "3",
  "packages": {
    "specifiers": {
      "jsr:@hono/hono@^4.5.5": "jsr:@hono/hono@4.5.5",
      "jsr:@std/encoding@^1.0.1": "jsr:@std/encoding@1.0.1",
      "npm:@google/generative-ai@^0.16.0": "npm:@google/generative-ai@0.16.0"
    },
    "jsr": {
      "@hono/hono@4.5.5": {
        "integrity": "e5a63b5f535475cd80974b65fed23a138d0cbb91fe1cc9a17a7c7278e835c308"
      },
      "@std/encoding@1.0.1": {
        "integrity": "5955c6c542ebb4ce6587c3b548dc71e07a6c27614f1976d1d3887b1196cf4e65"
      }
    },
    "npm": {
      "@google/generative-ai@0.16.0": {
        "integrity": "sha512-doB5ZNxS6m+jUZqaLCeYXfBZCdq6Ho0ibkq5/17xe1qAUZpCLWlvCDGtqFPqqO+yezNmvGatS0KhV22yiOT3DA==",
        "dependencies": {}
      }
    }
  },
  "remote": {}
}
